// !$*UTF8*$!
{
	archiveVersion = 1;
	classes = {
	};
	objectVersion = 46;
	objects = {

/* Begin PBXBuildFile section */
		00BB39DF1C9BA7AE001465B2 /* AppDelegate.swift in Sources */ = {isa = PBXBuildFile; fileRef = 00BB39DE1C9BA7AE001465B2 /* AppDelegate.swift */; };
		00BB39E11C9BA7AE001465B2 /* ViewController.swift in Sources */ = {isa = PBXBuildFile; fileRef = 00BB39E01C9BA7AE001465B2 /* ViewController.swift */; };
		00BB39E41C9BA7AE001465B2 /* Main.storyboard in Resources */ = {isa = PBXBuildFile; fileRef = 00BB39E21C9BA7AE001465B2 /* Main.storyboard */; };
		00BB39E61C9BA7AE001465B2 /* Assets.xcassets in Resources */ = {isa = PBXBuildFile; fileRef = 00BB39E51C9BA7AE001465B2 /* Assets.xcassets */; };
		00BB39E91C9BA7AE001465B2 /* LaunchScreen.storyboard in Resources */ = {isa = PBXBuildFile; fileRef = 00BB39E71C9BA7AE001465B2 /* LaunchScreen.storyboard */; };
		00BB39F61C9BA7ED001465B2 /* RCCache.swift in Sources */ = {isa = PBXBuildFile; fileRef = 00BB39F51C9BA7ED001465B2 /* RCCache.swift */; };
		00BB39F81C9BA8CD001465B2 /* String+MD5.swift in Sources */ = {isa = PBXBuildFile; fileRef = 00BB39F71C9BA8CD001465B2 /* String+MD5.swift */; };
		00BB39FA1C9BB045001465B2 /* RCCacheCore.swift in Sources */ = {isa = PBXBuildFile; fileRef = 00BB39F91C9BB044001465B2 /* RCCacheCore.swift */; };
		00BB39FD1C9BDAE8001465B2 /* Member.swift in Sources */ = {isa = PBXBuildFile; fileRef = 00BB39FC1C9BDAE8001465B2 /* Member.swift */; };
		00BB39FF1C9BDF51001465B2 /* 52.jpg in Resources */ = {isa = PBXBuildFile; fileRef = 00BB39FE1C9BDF51001465B2 /* 52.jpg */; };
/* End PBXBuildFile section */

/* Begin PBXFileReference section */
		00BB39DB1C9BA7AE001465B2 /* RCCache.app */ = {isa = PBXFileReference; explicitFileType = wrapper.application; includeInIndex = 0; path = RCCache.app; sourceTree = BUILT_PRODUCTS_DIR; };
		00BB39DE1C9BA7AE001465B2 /* AppDelegate.swift */ = {isa = PBXFileReference; lastKnownFileType = sourcecode.swift; path = AppDelegate.swift; sourceTree = "<group>"; };
		00BB39E01C9BA7AE001465B2 /* ViewController.swift */ = {isa = PBXFileReference; lastKnownFileType = sourcecode.swift; path = ViewController.swift; sourceTree = "<group>"; };
		00BB39E31C9BA7AE001465B2 /* Base */ = {isa = PBXFileReference; lastKnownFileType = file.storyboard; name = Base; path = Base.lproj/Main.storyboard; sourceTree = "<group>"; };
		00BB39E51C9BA7AE001465B2 /* Assets.xcassets */ = {isa = PBXFileReference; lastKnownFileType = folder.assetcatalog; path = Assets.xcassets; sourceTree = "<group>"; };
		00BB39E81C9BA7AE001465B2 /* Base */ = {isa = PBXFileReference; lastKnownFileType = file.storyboard; name = Base; path = Base.lproj/LaunchScreen.storyboard; sourceTree = "<group>"; };
		00BB39EA1C9BA7AE001465B2 /* Info.plist */ = {isa = PBXFileReference; lastKnownFileType = text.plist.xml; path = Info.plist; sourceTree = "<group>"; };
		00BB39F51C9BA7ED001465B2 /* RCCache.swift */ = {isa = PBXFileReference; fileEncoding = 4; lastKnownFileType = sourcecode.swift; path = RCCache.swift; sourceTree = "<group>"; };
		00BB39F71C9BA8CD001465B2 /* String+MD5.swift */ = {isa = PBXFileReference; fileEncoding = 4; lastKnownFileType = sourcecode.swift; path = "String+MD5.swift"; sourceTree = "<group>"; };
		00BB39F91C9BB044001465B2 /* RCCacheCore.swift */ = {isa = PBXFileReference; fileEncoding = 4; lastKnownFileType = sourcecode.swift; path = RCCacheCore.swift; sourceTree = "<group>"; };
		00BB39FC1C9BDAE8001465B2 /* Member.swift */ = {isa = PBXFileReference; fileEncoding = 4; lastKnownFileType = sourcecode.swift; path = Member.swift; sourceTree = "<group>"; };
		00BB39FE1C9BDF51001465B2 /* 52.jpg */ = {isa = PBXFileReference; lastKnownFileType = image.jpeg; path = 52.jpg; sourceTree = "<group>"; };
/* End PBXFileReference section */

/* Begin PBXFrameworksBuildPhase section */
		00BB39D81C9BA7AD001465B2 /* Frameworks */ = {
			isa = PBXFrameworksBuildPhase;
			buildActionMask = 2147483647;
			files = (
			);
			runOnlyForDeploymentPostprocessing = 0;
		};
/* End PBXFrameworksBuildPhase section */

/* Begin PBXGroup section */
		00BB39D21C9BA7AD001465B2 = {
			isa = PBXGroup;
			children = (
				00BB39F41C9BA7E1001465B2 /* Source */,
				00BB39DD1C9BA7AE001465B2 /* RCCache */,
				00BB39DC1C9BA7AE001465B2 /* Products */,
			);
			sourceTree = "<group>";
		};
		00BB39DC1C9BA7AE001465B2 /* Products */ = {
			isa = PBXGroup;
			children = (
				00BB39DB1C9BA7AE001465B2 /* RCCache.app */,
			);
			name = Products;
			sourceTree = "<group>";
		};
		00BB39DD1C9BA7AE001465B2 /* RCCache */ = {
			isa = PBXGroup;
			children = (
				00BB39DE1C9BA7AE001465B2 /* AppDelegate.swift */,
				00BB39E01C9BA7AE001465B2 /* ViewController.swift */,
				00BB39FC1C9BDAE8001465B2 /* Member.swift */,
				00BB39E21C9BA7AE001465B2 /* Main.storyboard */,
				00BB39E51C9BA7AE001465B2 /* Assets.xcassets */,
				00BB39FE1C9BDF51001465B2 /* 52.jpg */,
				00BB39E71C9BA7AE001465B2 /* LaunchScreen.storyboard */,
				00BB39EA1C9BA7AE001465B2 /* Info.plist */,
			);
			path = RCCache;
			sourceTree = "<group>";
		};
		00BB39F41C9BA7E1001465B2 /* Source */ = {
			isa = PBXGroup;
			children = (
				00BB39F51C9BA7ED001465B2 /* RCCache.swift */,
				00BB39F91C9BB044001465B2 /* RCCacheCore.swift */,
				00BB39F71C9BA8CD001465B2 /* String+MD5.swift */,
			);
			path = Source;
			sourceTree = "<group>";
		};
/* End PBXGroup section */

/* Begin PBXNativeTarget section */
		00BB39DA1C9BA7AD001465B2 /* RCCache */ = {
			isa = PBXNativeTarget;
			buildConfigurationList = 00BB39ED1C9BA7AE001465B2 /* Build configuration list for PBXNativeTarget "RCCache" */;
			buildPhases = (
				00BB39D71C9BA7AD001465B2 /* Sources */,
				00BB39D81C9BA7AD001465B2 /* Frameworks */,
				00BB39D91C9BA7AD001465B2 /* Resources */,
			);
			buildRules = (
			);
			dependencies = (
			);
			name = RCCache;
			productName = RCCache;
			productReference = 00BB39DB1C9BA7AE001465B2 /* RCCache.app */;
			productType = "com.apple.product-type.application";
		};
/* End PBXNativeTarget section */

/* Begin PBXProject section */
		00BB39D31C9BA7AD001465B2 /* Project object */ = {
			isa = PBXProject;
			attributes = {
				LastSwiftUpdateCheck = 0720;
				LastUpgradeCheck = 0720;
				ORGANIZATIONNAME = Robin;
				TargetAttributes = {
					00BB39DA1C9BA7AD001465B2 = {
						CreatedOnToolsVersion = 7.2.1;
					};
				};
			};
			buildConfigurationList = 00BB39D61C9BA7AD001465B2 /* Build configuration list for PBXProject "RCCache" */;
			compatibilityVersion = "Xcode 3.2";
			developmentRegion = English;
			hasScannedForEncodings = 0;
			knownRegions = (
				en,
				Base,
			);
			mainGroup = 00BB39D21C9BA7AD001465B2;
			productRefGroup = 00BB39DC1C9BA7AE001465B2 /* Products */;
			projectDirPath = "";
			projectRoot = "";
			targets = (
				00BB39DA1C9BA7AD001465B2 /* RCCache */,
			);
		};
/* End PBXProject section */

/* Begin PBXResourcesBuildPhase section */
		00BB39D91C9BA7AD001465B2 /* Resources */ = {
			isa = PBXResourcesBuildPhase;
			buildActionMask = 2147483647;
			files = (
				00BB39FF1C9BDF51001465B2 /* 52.jpg in Resources */,
				00BB39E91C9BA7AE001465B2 /* LaunchScreen.storyboard in Resources */,
				00BB39E61C9BA7AE001465B2 /* Assets.xcassets in Resources */,
				00BB39E41C9BA7AE001465B2 /* Main.storyboard in Resources */,
			);
			runOnlyForDeploymentPostprocessing = 0;
		};
/* End PBXResourcesBuildPhase section */

/* Begin PBXSourcesBuildPhase section */
		00BB39D71C9BA7AD001465B2 /* Sources */ = {
			isa = PBXSourcesBuildPhase;
			buildActionMask = 2147483647;
			files = (
				00BB39F61C9BA7ED001465B2 /* RCCache.swift in Sources */,
				00BB39FD1C9BDAE8001465B2 /* Member.swift in Sources */,
				00BB39E11C9BA7AE001465B2 /* ViewController.swift in Sources */,
				00BB39DF1C9BA7AE001465B2 /* AppDelegate.swift in Sources */,
				00BB39FA1C9BB045001465B2 /* RCCacheCore.swift in Sources */,
				00BB39F81C9BA8CD001465B2 /* String+MD5.swift in Sources */,
			);
			runOnlyForDeploymentPostprocessing = 0;
		};
/* End PBXSourcesBuildPhase section */

/* Begin PBXVariantGroup section */
		00BB39E21C9BA7AE001465B2 /* Main.storyboard */ = {
			isa = PBXVariantGroup;
			children = (
				00BB39E31C9BA7AE001465B2 /* Base */,
			);
			name = Main.storyboard;
			sourceTree = "<group>";
		};
		00BB39E71C9BA7AE001465B2 /* LaunchScreen.storyboard */ = {
			isa = PBXVariantGroup;
			children = (
				00BB39E81C9BA7AE001465B2 /* Base */,
			);
			name = LaunchScreen.storyboard;
			sourceTree = "<group>";
		};
/* End PBXVariantGroup section */

/* Begin XCBuildConfiguration section */
		00BB39EB1C9BA7AE001465B2 /* Debug */ = {
			isa = XCBuildConfiguration;
			buildSettings = {
				ALWAYS_SEARCH_USER_PATHS = NO;
				CLANG_CXX_LANGUAGE_STANDARD = "gnu++0x";
				CLANG_CXX_LIBRARY = "libc++";
				CLANG_ENABLE_MODULES = YES;
				CLANG_ENABLE_OBJC_ARC = YES;
				CLANG_WARN_BOOL_CONVERSION = YES;
				CLANG_WARN_CONSTANT_CONVERSION = YES;
				CLANG_WARN_DIRECT_OBJC_ISA_USAGE = YES_ERROR;
				CLANG_WARN_EMPTY_BODY = YES;
				CLANG_WARN_ENUM_CONVERSION = YES;
				CLANG_WARN_INT_CONVERSION = YES;
				CLANG_WARN_OBJC_ROOT_CLASS = YES_ERROR;
				CLANG_WARN_UNREACHABLE_CODE = YES;
				CLANG_WARN__DUPLICATE_METHOD_MATCH = YES;
				"CODE_SIGN_IDENTITY[sdk=iphoneos*]" = "iPhone Developer";
				COPY_PHASE_STRIP = NO;
				DEBUG_INFORMATION_FORMAT = dwarf;
				ENABLE_STRICT_OBJC_MSGSEND = YES;
				ENABLE_TESTABILITY = YES;
				GCC_C_LANGUAGE_STANDARD = gnu99;
				GCC_DYNAMIC_NO_PIC = NO;
				GCC_NO_COMMON_BLOCKS = YES;
				GCC_OPTIMIZATION_LEVEL = 0;
				GCC_PREPROCESSOR_DEFINITIONS = (
					"DEBUG=1",
					"$(inherited)",
				);
				GCC_WARN_64_TO_32_BIT_CONVERSION = YES;
				GCC_WARN_ABOUT_RETURN_TYPE = YES_ERROR;
				GCC_WARN_UNDECLARED_SELECTOR = YES;
				GCC_WARN_UNINITIALIZED_AUTOS = YES_AGGRESSIVE;
				GCC_WARN_UNUSED_FUNCTION = YES;
				GCC_WARN_UNUSED_VARIABLE = YES;
				IPHONEOS_DEPLOYMENT_TARGET = 9.2;
				MTL_ENABLE_DEBUG_INFO = YES;
				ONLY_ACTIVE_ARCH = YES;
				SDKROOT = iphoneos;
				SWIFT_OPTIMIZATION_LEVEL = "-Onone";
			};
			name = Debug;
		};
		00BB39EC1C9BA7AE001465B2 /* Release */ = {
			isa = XCBuildConfiguration;
			buildSettings = {
				ALWAYS_SEARCH_USER_PATHS = NO;
				CLANG_CXX_LANGUAGE_STANDARD = "gnu++0x";
				CLANG_CXX_LIBRARY = "libc++";
				CLANG_ENABLE_MODULES = YES;
				CLANG_ENABLE_OBJC_ARC = YES;
				CLANG_WARN_BOOL_CONVERSION = YES;
				CLANG_WARN_CONSTANT_CONVERSION = YES;
				CLANG_WARN_DIRECT_OBJC_ISA_USAGE = YES_ERROR;
				CLANG_WARN_EMPTY_BODY = YES;
				CLANG_WARN_ENUM_CONVERSION = YES;
				CLANG_WARN_INT_CONVERSION = YES;
				CLANG_WARN_OBJC_ROOT_CLASS = YES_ERROR;
				CLANG_WARN_UNREACHABLE_CODE = YES;
				CLANG_WARN__DUPLICATE_METHOD_MATCH = YES;
				"CODE_SIGN_IDENTITY[sdk=iphoneos*]" = "iPhone Developer";
				COPY_PHASE_STRIP = NO;
				DEBUG_INFORMATION_FORMAT = "dwarf-with-dsym";
				ENABLE_NS_ASSERTIONS = NO;
				ENABLE_STRICT_OBJC_MSGSEND = YES;
				GCC_C_LANGUAGE_STANDARD = gnu99;
				GCC_NO_COMMON_BLOCKS = YES;
				GCC_WARN_64_TO_32_BIT_CONVERSION = YES;
				GCC_WARN_ABOUT_RETURN_TYPE = YES_ERROR;
				GCC_WARN_UNDECLARED_SELECTOR = YES;
				GCC_WARN_UNINITIALIZED_AUTOS = YES_AGGRESSIVE;
				GCC_WARN_UNUSED_FUNCTION = YES;
				GCC_WARN_UNUSED_VARIABLE = YES;
				IPHONEOS_DEPLOYMENT_TARGET = 9.2;
				MTL_ENABLE_DEBUG_INFO = NO;
				SDKROOT = iphoneos;
				VALIDATE_PRODUCT = YES;
			};
			name = Release;
		};
		00BB39EE1C9BA7AE001465B2 /* Debug */ = {
			isa = XCBuildConfiguration;
			buildSettings = {
				ASSETCATALOG_COMPILER_APPICON_NAME = AppIcon;
				INFOPLIST_FILE = RCCache/Info.plist;
				LD_RUNPATH_SEARCH_PATHS = "$(inherited) @executable_path/Frameworks";
				PRODUCT_BUNDLE_IDENTIFIER = com.mRocker.RCCache;
				PRODUCT_NAME = "$(TARGET_NAME)";
			};
			name = Debug;
		};
		00BB39EF1C9BA7AE001465B2 /* Release */ = {
			isa = XCBuildConfiguration;
			buildSettings = {
				ASSETCATALOG_COMPILER_APPICON_NAME = AppIcon;
				INFOPLIST_FILE = RCCache/Info.plist;
				LD_RUNPATH_SEARCH_PATHS = "$(inherited) @executable_path/Frameworks";
				PRODUCT_BUNDLE_IDENTIFIER = com.mRocker.RCCache;
				PRODUCT_NAME = "$(TARGET_NAME)";
			};
			name = Release;
		};
/* End XCBuildConfiguration section */

/* Begin XCConfigurationList section */
		00BB39D61C9BA7AD001465B2 /* Build configuration list for PBXProject "RCCache" */ = {
			isa = XCConfigurationList;
			buildConfigurations = (
				00BB39EB1C9BA7AE001465B2 /* Debug */,
				00BB39EC1C9BA7AE001465B2 /* Release */,
			);
			defaultConfigurationIsVisible = 0;
			defaultConfigurationName = Release;
		};
		00BB39ED1C9BA7AE001465B2 /* Build configuration list for PBXNativeTarget "RCCache" */ = {
			isa = XCConfigurationList;
			buildConfigurations = (
				00BB39EE1C9BA7AE001465B2 /* Debug */,
				00BB39EF1C9BA7AE001465B2 /* Release */,
			);
			defaultConfigurationIsVisible = 0;
			defaultConfigurationName = Release;
		};
/* End XCConfigurationList section */
	};
	rootObject = 00BB39D31C9BA7AD001465B2 /* Project object */;
}
